{
  "name": "scripts",
  "version": "1.0.0",
  "lockfileVersion": 3,
  "requires": true,
  "packages": {
    "": {
      "name": "scripts",
      "version": "1.0.0",
      "license": "ISC",
      "dependencies": {
        "@types/mpv-script": "^0.32.1"
      },
      "devDependencies": {
        "typescript": "^4.9.4"
      }
    },
    "node_modules/@types/mpv-script": {
      "version": "0.32.2",
      "resolved": "https://registry.npmjs.org/@types/mpv-script/-/mpv-script-0.32.2.tgz",
      "integrity": "sha512-+XXw4c5AvJ5Tdo1VXxMrpRw8AhUTEhS8MNBWLxnxhsjY2Pq8hN7eqjjr6Nzlw3G0GDIy43a1tfcBVdZwDLi8Eg=="
    },
    "node_modules/typescript": {
      "version": "4.9.4",
      "resolved": "https://registry.npmjs.org/typescript/-/typescript-4.9.4.tgz",
      "integrity": "sha512-Uz+dTXYzxXXbsFpM86Wh3dKCxrQqUcVMxwU54orwlJjOpO3ao8L7j5lH+dWfTwgCwIuM9GQ2kvVotzYJMXTBZg==",
      "dev": true,
      "bin": {
        "tsc": "bin/tsc",
        "tsserver": "bin/tsserver"
      },
      "engines": {
        "node": ">=4.2.0"
      }
    }
  }
}
