{
  "name": "scripts",
  "version": "1.0.0",
  "lockfileVersion": 2,
  "requires": true,
  "packages": {
    "": {
      "version": "1.0.0",
      "license": "ISC",
      "dependencies": {
        "@types/mpv-script": "^0.32.1"
      }
    },
    "node_modules/@types/mpv-script": {
      "version": "0.32.1",
      "resolved": "https://registry.nlark.com/@types/mpv-script/download/@types/mpv-script-0.32.1.tgz",
      "integrity": "sha1-6pIbVgqUSm/6RGupGlder6qwjJk="
    }
  },
  "dependencies": {
    "@types/mpv-script": {
      "version": "0.32.1",
      "resolved": "https://registry.nlark.com/@types/mpv-script/download/@types/mpv-script-0.32.1.tgz",
      "integrity": "sha1-6pIbVgqUSm/6RGupGlder6qwjJk="
    }
  }
}
