lockfileVersion: '6.0'

settings:
  autoInstallPeers: true
  excludeLinksFromLockfile: false

dependencies:
  '@types/mpv-script':
    specifier: ^0.32.6
    version: 0.32.6

devDependencies:
  typescript:
    specifier: ^5.3.3
    version: 5.3.3

packages:

  /@types/mpv-script@0.32.6:
    resolution: {integrity: sha512-Xgson7Q7f8zwGPhEPxiUGCmSNjh5XwNVwBZ3VZeg89pGWhUN89u10VRIWkzrixbOhY/TvD469eXHPpke79ai4Q==}
    dev: false

  /typescript@5.3.3:
    resolution: {integrity: sha512-pXWcraxM0uxAS+tN0AG/BF2TyqmHO014Z070UsJ+pFvYuRSq8KH8DmWpnbXe0pEPDHXZV3FcAbJkijJ5oNEnWw==}
    engines: {node: '>=14.17'}
    hasBin: true
    dev: true
